
Microsoft Visual Studio Solution File, Format Version 12.00
# Visual Studio Version 16
VisualStudioVersion = 16.0.31424.327
MinimumVisualStudioVersion = 10.0.40219.1
Project("{9A19103F-16F7-4668-BE54-9A1E7A4F7556}") = "NetEngine.Core", "NetEngine.Core\NetEngine.Core.csproj", "{71B5CEE6-AF8C-483B-8CAB-824CEB76E7CA}"
EndProject
Project("{9A19103F-16F7-4668-BE54-9A1E7A4F7556}") = "NetEngine.Renderer", "NetEngine.Renderer\NetEngine.Renderer.csproj", "{AD958EC8-D8D0-41B3-930A-8E39DD579672}"
EndProject
Project("{9A19103F-16F7-4668-BE54-9A1E7A4F7556}") = "NetEngine.Utilities", "NetEngine.Utilities\NetEngine.Utilities.csproj", "{4137F34E-6BD5-4480-B978-1C4926648EE1}"
EndProject
Project("{2150E333-8FDC-42A3-9474-1A3956D46DE8}") = "00.Utilities", "00.Utilities", "{C44A6F8A-94DE-4873-ACF1-2D00309F6846}"
EndProject
Project("{2150E333-8FDC-42A3-9474-1A3956D46DE8}") = "01.HardwareAbstraction", "01.HardwareAbstraction", "{69E38108-CDF2-4CDB-9F3E-F60426D8CBBC}"
EndProject
Project("{2150E333-8FDC-42A3-9474-1A3956D46DE8}") = "09.Tools", "09.Tools", "{98CDB080-5771-4671-BA81-48BA0E1B3093}"
EndProject
Project("{9A19103F-16F7-4668-BE54-9A1E7A4F7556}") = "NetEngine.Toolkit", "NetEngine.Toolkit\NetEngine.Toolkit.csproj", "{850EA655-CB2E-4B0D-BC64-D58E232B1B98}"
EndProject
Project("{2150E333-8FDC-42A3-9474-1A3956D46DE8}") = "Solution Items", "Solution Items", "{247E0DFD-8583-4A40-951D-3ADB9D360319}"
	ProjectSection(SolutionItems) = preProject
		.editorconfig = .editorconfig
	EndProjectSection
EndProject
Project("{9A19103F-16F7-4668-BE54-9A1E7A4F7556}") = "NetEngine.Gameplay", "NetEngine.Gameplay\NetEngine.Gameplay.csproj", "{19A364A0-884D-4242-86C8-E0BE8A03EB3D}"
EndProject
Project("{2150E333-8FDC-42A3-9474-1A3956D46DE8}") = "04.Gameplay", "04.Gameplay", "{1CEFBC00-3844-422D-B74B-541F48BA3DBA}"
EndProject
Project("{2150E333-8FDC-42A3-9474-1A3956D46DE8}") = "02.Models", "02.Models", "{9EC081DA-DEB0-4EA4-BC21-92F12C31C045}"
EndProject
Project("{9A19103F-16F7-4668-BE54-9A1E7A4F7556}") = "NetEngine.Models", "NetEngine.Models\NetEngine.Models.csproj", "{D4F79C96-9ACE-4A33-8374-D8C6B5CB8F8C}"
EndProject
Project("{2150E333-8FDC-42A3-9474-1A3956D46DE8}") = "03.Managers", "03.Managers", "{E7DA0382-6FDA-4ECC-A6AC-084A75866522}"
EndProject
Project("{9A19103F-16F7-4668-BE54-9A1E7A4F7556}") = "NetEngine.RenderManager", "NetEngine.RenderManager\NetEngine.RenderManager.csproj", "{BF911211-2126-438B-80C0-02D53222D5A2}"
EndProject
Project("{9A19103F-16F7-4668-BE54-9A1E7A4F7556}") = "NetEngine.Input", "NetEngine.Input\NetEngine.Input.csproj", "{EC5A3FB7-D547-44E2-A7B6-562A622D1024}"
EndProject
Project("{9A19103F-16F7-4668-BE54-9A1E7A4F7556}") = "NetEngine.InputManager", "NetEngine.InputManager\NetEngine.InputManager.csproj", "{7045E9B8-A405-4C83-A3ED-315481BD3DF4}"
EndProject
Project("{2150E333-8FDC-42A3-9474-1A3956D46DE8}") = "05.Core", "05.Core", "{AE444F0C-E9AA-497A-8444-C9CCEE816D01}"
EndProject
Project("{FAE04EC0-301F-11D3-BF4B-00C04F79EFBC}") = "NetEngine.Sample", "NetEngine.Sample\NetEngine.Sample.csproj", "{AC618CA7-A32F-4E4F-AAC2-31A0C84C366A}"
EndProject
Global
	GlobalSection(SolutionConfigurationPlatforms) = preSolution
		Debug|Any CPU = Debug|Any CPU
		Debug|x64 = Debug|x64
		Debug|x86 = Debug|x86
		Release|Any CPU = Release|Any CPU
		Release|x64 = Release|x64
		Release|x86 = Release|x86
	EndGlobalSection
	GlobalSection(ProjectConfigurationPlatforms) = postSolution
		{71B5CEE6-AF8C-483B-8CAB-824CEB76E7CA}.Debug|Any CPU.ActiveCfg = Debug|Any CPU
		{71B5CEE6-AF8C-483B-8CAB-824CEB76E7CA}.Debug|Any CPU.Build.0 = Debug|Any CPU
		{71B5CEE6-AF8C-483B-8CAB-824CEB76E7CA}.Debug|x64.ActiveCfg = Debug|x64
		{71B5CEE6-AF8C-483B-8CAB-824CEB76E7CA}.Debug|x64.Build.0 = Debug|x64
		{71B5CEE6-AF8C-483B-8CAB-824CEB76E7CA}.Debug|x86.ActiveCfg = Debug|x86
		{71B5CEE6-AF8C-483B-8CAB-824CEB76E7CA}.Debug|x86.Build.0 = Debug|x86
		{71B5CEE6-AF8C-483B-8CAB-824CEB76E7CA}.Release|Any CPU.ActiveCfg = Release|Any CPU
		{71B5CEE6-AF8C-483B-8CAB-824CEB76E7CA}.Release|Any CPU.Build.0 = Release|Any CPU
		{71B5CEE6-AF8C-483B-8CAB-824CEB76E7CA}.Release|x64.ActiveCfg = Release|x64
		{71B5CEE6-AF8C-483B-8CAB-824CEB76E7CA}.Release|x64.Build.0 = Release|x64
		{71B5CEE6-AF8C-483B-8CAB-824CEB76E7CA}.Release|x86.ActiveCfg = Release|x86
		{71B5CEE6-AF8C-483B-8CAB-824CEB76E7CA}.Release|x86.Build.0 = Release|x86
		{AD958EC8-D8D0-41B3-930A-8E39DD579672}.Debug|Any CPU.ActiveCfg = Debug|Any CPU
		{AD958EC8-D8D0-41B3-930A-8E39DD579672}.Debug|Any CPU.Build.0 = Debug|Any CPU
		{AD958EC8-D8D0-41B3-930A-8E39DD579672}.Debug|x64.ActiveCfg = Debug|x64
		{AD958EC8-D8D0-41B3-930A-8E39DD579672}.Debug|x64.Build.0 = Debug|x64
		{AD958EC8-D8D0-41B3-930A-8E39DD579672}.Debug|x86.ActiveCfg = Debug|x86
		{AD958EC8-D8D0-41B3-930A-8E39DD579672}.Debug|x86.Build.0 = Debug|x86
		{AD958EC8-D8D0-41B3-930A-8E39DD579672}.Release|Any CPU.ActiveCfg = Release|Any CPU
		{AD958EC8-D8D0-41B3-930A-8E39DD579672}.Release|Any CPU.Build.0 = Release|Any CPU
		{AD958EC8-D8D0-41B3-930A-8E39DD579672}.Release|x64.ActiveCfg = Release|x64
		{AD958EC8-D8D0-41B3-930A-8E39DD579672}.Release|x64.Build.0 = Release|x64
		{AD958EC8-D8D0-41B3-930A-8E39DD579672}.Release|x86.ActiveCfg = Release|x86
		{AD958EC8-D8D0-41B3-930A-8E39DD579672}.Release|x86.Build.0 = Release|x86
		{4137F34E-6BD5-4480-B978-1C4926648EE1}.Debug|Any CPU.ActiveCfg = Debug|Any CPU
		{4137F34E-6BD5-4480-B978-1C4926648EE1}.Debug|Any CPU.Build.0 = Debug|Any CPU
		{4137F34E-6BD5-4480-B978-1C4926648EE1}.Debug|x64.ActiveCfg = Debug|x64
		{4137F34E-6BD5-4480-B978-1C4926648EE1}.Debug|x64.Build.0 = Debug|x64
		{4137F34E-6BD5-4480-B978-1C4926648EE1}.Debug|x86.ActiveCfg = Debug|x86
		{4137F34E-6BD5-4480-B978-1C4926648EE1}.Debug|x86.Build.0 = Debug|x86
		{4137F34E-6BD5-4480-B978-1C4926648EE1}.Release|Any CPU.ActiveCfg = Release|Any CPU
		{4137F34E-6BD5-4480-B978-1C4926648EE1}.Release|Any CPU.Build.0 = Release|Any CPU
		{4137F34E-6BD5-4480-B978-1C4926648EE1}.Release|x64.ActiveCfg = Release|x64
		{4137F34E-6BD5-4480-B978-1C4926648EE1}.Release|x64.Build.0 = Release|x64
		{4137F34E-6BD5-4480-B978-1C4926648EE1}.Release|x86.ActiveCfg = Release|x86
		{4137F34E-6BD5-4480-B978-1C4926648EE1}.Release|x86.Build.0 = Release|x86
		{850EA655-CB2E-4B0D-BC64-D58E232B1B98}.Debug|Any CPU.ActiveCfg = Debug|Any CPU
		{850EA655-CB2E-4B0D-BC64-D58E232B1B98}.Debug|Any CPU.Build.0 = Debug|Any CPU
		{850EA655-CB2E-4B0D-BC64-D58E232B1B98}.Debug|x64.ActiveCfg = Debug|x64
		{850EA655-CB2E-4B0D-BC64-D58E232B1B98}.Debug|x64.Build.0 = Debug|x64
		{850EA655-CB2E-4B0D-BC64-D58E232B1B98}.Debug|x86.ActiveCfg = Debug|x86
		{850EA655-CB2E-4B0D-BC64-D58E232B1B98}.Debug|x86.Build.0 = Debug|x86
		{850EA655-CB2E-4B0D-BC64-D58E232B1B98}.Release|Any CPU.ActiveCfg = Release|Any CPU
		{850EA655-CB2E-4B0D-BC64-D58E232B1B98}.Release|Any CPU.Build.0 = Release|Any CPU
		{850EA655-CB2E-4B0D-BC64-D58E232B1B98}.Release|x64.ActiveCfg = Release|x64
		{850EA655-CB2E-4B0D-BC64-D58E232B1B98}.Release|x64.Build.0 = Release|x64
		{850EA655-CB2E-4B0D-BC64-D58E232B1B98}.Release|x86.ActiveCfg = Release|x86
		{850EA655-CB2E-4B0D-BC64-D58E232B1B98}.Release|x86.Build.0 = Release|x86
		{19A364A0-884D-4242-86C8-E0BE8A03EB3D}.Debug|Any CPU.ActiveCfg = Debug|Any CPU
		{19A364A0-884D-4242-86C8-E0BE8A03EB3D}.Debug|Any CPU.Build.0 = Debug|Any CPU
		{19A364A0-884D-4242-86C8-E0BE8A03EB3D}.Debug|x64.ActiveCfg = Debug|x64
		{19A364A0-884D-4242-86C8-E0BE8A03EB3D}.Debug|x64.Build.0 = Debug|x64
		{19A364A0-884D-4242-86C8-E0BE8A03EB3D}.Debug|x86.ActiveCfg = Debug|x86
		{19A364A0-884D-4242-86C8-E0BE8A03EB3D}.Debug|x86.Build.0 = Debug|x86
		{19A364A0-884D-4242-86C8-E0BE8A03EB3D}.Release|Any CPU.ActiveCfg = Release|Any CPU
		{19A364A0-884D-4242-86C8-E0BE8A03EB3D}.Release|Any CPU.Build.0 = Release|Any CPU
		{19A364A0-884D-4242-86C8-E0BE8A03EB3D}.Release|x64.ActiveCfg = Release|x64
		{19A364A0-884D-4242-86C8-E0BE8A03EB3D}.Release|x64.Build.0 = Release|x64
		{19A364A0-884D-4242-86C8-E0BE8A03EB3D}.Release|x86.ActiveCfg = Release|x86
		{19A364A0-884D-4242-86C8-E0BE8A03EB3D}.Release|x86.Build.0 = Release|x86
		{D4F79C96-9ACE-4A33-8374-D8C6B5CB8F8C}.Debug|Any CPU.ActiveCfg = Debug|Any CPU
		{D4F79C96-9ACE-4A33-8374-D8C6B5CB8F8C}.Debug|Any CPU.Build.0 = Debug|Any CPU
		{D4F79C96-9ACE-4A33-8374-D8C6B5CB8F8C}.Debug|x64.ActiveCfg = Debug|x64
		{D4F79C96-9ACE-4A33-8374-D8C6B5CB8F8C}.Debug|x64.Build.0 = Debug|x64
		{D4F79C96-9ACE-4A33-8374-D8C6B5CB8F8C}.Debug|x86.ActiveCfg = Debug|x86
		{D4F79C96-9ACE-4A33-8374-D8C6B5CB8F8C}.Debug|x86.Build.0 = Debug|x86
		{D4F79C96-9ACE-4A33-8374-D8C6B5CB8F8C}.Release|Any CPU.ActiveCfg = Release|Any CPU
		{D4F79C96-9ACE-4A33-8374-D8C6B5CB8F8C}.Release|Any CPU.Build.0 = Release|Any CPU
		{D4F79C96-9ACE-4A33-8374-D8C6B5CB8F8C}.Release|x64.ActiveCfg = Release|x64
		{D4F79C96-9ACE-4A33-8374-D8C6B5CB8F8C}.Release|x64.Build.0 = Release|x64
		{D4F79C96-9ACE-4A33-8374-D8C6B5CB8F8C}.Release|x86.ActiveCfg = Release|x86
		{D4F79C96-9ACE-4A33-8374-D8C6B5CB8F8C}.Release|x86.Build.0 = Release|x86
		{BF911211-2126-438B-80C0-02D53222D5A2}.Debug|Any CPU.ActiveCfg = Debug|Any CPU
		{BF911211-2126-438B-80C0-02D53222D5A2}.Debug|Any CPU.Build.0 = Debug|Any CPU
		{BF911211-2126-438B-80C0-02D53222D5A2}.Debug|x64.ActiveCfg = Debug|x64
		{BF911211-2126-438B-80C0-02D53222D5A2}.Debug|x64.Build.0 = Debug|x64
		{BF911211-2126-438B-80C0-02D53222D5A2}.Debug|x86.ActiveCfg = Debug|x86
		{BF911211-2126-438B-80C0-02D53222D5A2}.Debug|x86.Build.0 = Debug|x86
		{BF911211-2126-438B-80C0-02D53222D5A2}.Release|Any CPU.ActiveCfg = Release|Any CPU
		{BF911211-2126-438B-80C0-02D53222D5A2}.Release|Any CPU.Build.0 = Release|Any CPU
		{BF911211-2126-438B-80C0-02D53222D5A2}.Release|x64.ActiveCfg = Release|x64
		{BF911211-2126-438B-80C0-02D53222D5A2}.Release|x64.Build.0 = Release|x64
		{BF911211-2126-438B-80C0-02D53222D5A2}.Release|x86.ActiveCfg = Release|x86
		{BF911211-2126-438B-80C0-02D53222D5A2}.Release|x86.Build.0 = Release|x86
		{EC5A3FB7-D547-44E2-A7B6-562A622D1024}.Debug|Any CPU.ActiveCfg = Debug|Any CPU
		{EC5A3FB7-D547-44E2-A7B6-562A622D1024}.Debug|Any CPU.Build.0 = Debug|Any CPU
		{EC5A3FB7-D547-44E2-A7B6-562A622D1024}.Debug|x64.ActiveCfg = Debug|Any CPU
		{EC5A3FB7-D547-44E2-A7B6-562A622D1024}.Debug|x64.Build.0 = Debug|Any CPU
		{EC5A3FB7-D547-44E2-A7B6-562A622D1024}.Debug|x86.ActiveCfg = Debug|Any CPU
		{EC5A3FB7-D547-44E2-A7B6-562A622D1024}.Debug|x86.Build.0 = Debug|Any CPU
		{EC5A3FB7-D547-44E2-A7B6-562A622D1024}.Release|Any CPU.ActiveCfg = Release|Any CPU
		{EC5A3FB7-D547-44E2-A7B6-562A622D1024}.Release|Any CPU.Build.0 = Release|Any CPU
		{EC5A3FB7-D547-44E2-A7B6-562A622D1024}.Release|x64.ActiveCfg = Release|Any CPU
		{EC5A3FB7-D547-44E2-A7B6-562A622D1024}.Release|x64.Build.0 = Release|Any CPU
		{EC5A3FB7-D547-44E2-A7B6-562A622D1024}.Release|x86.ActiveCfg = Release|Any CPU
		{EC5A3FB7-D547-44E2-A7B6-562A622D1024}.Release|x86.Build.0 = Release|Any CPU
		{7045E9B8-A405-4C83-A3ED-315481BD3DF4}.Debug|Any CPU.ActiveCfg = Debug|Any CPU
		{7045E9B8-A405-4C83-A3ED-315481BD3DF4}.Debug|Any CPU.Build.0 = Debug|Any CPU
		{7045E9B8-A405-4C83-A3ED-315481BD3DF4}.Debug|x64.ActiveCfg = Debug|Any CPU
		{7045E9B8-A405-4C83-A3ED-315481BD3DF4}.Debug|x64.Build.0 = Debug|Any CPU
		{7045E9B8-A405-4C83-A3ED-315481BD3DF4}.Debug|x86.ActiveCfg = Debug|Any CPU
		{7045E9B8-A405-4C83-A3ED-315481BD3DF4}.Debug|x86.Build.0 = Debug|Any CPU
		{7045E9B8-A405-4C83-A3ED-315481BD3DF4}.Release|Any CPU.ActiveCfg = Release|Any CPU
		{7045E9B8-A405-4C83-A3ED-315481BD3DF4}.Release|Any CPU.Build.0 = Release|Any CPU
		{7045E9B8-A405-4C83-A3ED-315481BD3DF4}.Release|x64.ActiveCfg = Release|Any CPU
		{7045E9B8-A405-4C83-A3ED-315481BD3DF4}.Release|x64.Build.0 = Release|Any CPU
		{7045E9B8-A405-4C83-A3ED-315481BD3DF4}.Release|x86.ActiveCfg = Release|Any CPU
		{7045E9B8-A405-4C83-A3ED-315481BD3DF4}.Release|x86.Build.0 = Release|Any CPU
		{AC618CA7-A32F-4E4F-AAC2-31A0C84C366A}.Debug|Any CPU.ActiveCfg = Debug|Any CPU
		{AC618CA7-A32F-4E4F-AAC2-31A0C84C366A}.Debug|Any CPU.Build.0 = Debug|Any CPU
		{AC618CA7-A32F-4E4F-AAC2-31A0C84C366A}.Debug|x64.ActiveCfg = Debug|Any CPU
		{AC618CA7-A32F-4E4F-AAC2-31A0C84C366A}.Debug|x64.Build.0 = Debug|Any CPU
		{AC618CA7-A32F-4E4F-AAC2-31A0C84C366A}.Debug|x86.ActiveCfg = Debug|Any CPU
		{AC618CA7-A32F-4E4F-AAC2-31A0C84C366A}.Debug|x86.Build.0 = Debug|Any CPU
		{AC618CA7-A32F-4E4F-AAC2-31A0C84C366A}.Release|Any CPU.ActiveCfg = Release|Any CPU
		{AC618CA7-A32F-4E4F-AAC2-31A0C84C366A}.Release|Any CPU.Build.0 = Release|Any CPU
		{AC618CA7-A32F-4E4F-AAC2-31A0C84C366A}.Release|x64.ActiveCfg = Release|Any CPU
		{AC618CA7-A32F-4E4F-AAC2-31A0C84C366A}.Release|x64.Build.0 = Release|Any CPU
		{AC618CA7-A32F-4E4F-AAC2-31A0C84C366A}.Release|x86.ActiveCfg = Release|Any CPU
		{AC618CA7-A32F-4E4F-AAC2-31A0C84C366A}.Release|x86.Build.0 = Release|Any CPU
	EndGlobalSection
	GlobalSection(SolutionProperties) = preSolution
		HideSolutionNode = FALSE
	EndGlobalSection
	GlobalSection(NestedProjects) = preSolution
		{71B5CEE6-AF8C-483B-8CAB-824CEB76E7CA} = {AE444F0C-E9AA-497A-8444-C9CCEE816D01}
		{AD958EC8-D8D0-41B3-930A-8E39DD579672} = {69E38108-CDF2-4CDB-9F3E-F60426D8CBBC}
		{4137F34E-6BD5-4480-B978-1C4926648EE1} = {C44A6F8A-94DE-4873-ACF1-2D00309F6846}
		{850EA655-CB2E-4B0D-BC64-D58E232B1B98} = {98CDB080-5771-4671-BA81-48BA0E1B3093}
		{19A364A0-884D-4242-86C8-E0BE8A03EB3D} = {1CEFBC00-3844-422D-B74B-541F48BA3DBA}
		{D4F79C96-9ACE-4A33-8374-D8C6B5CB8F8C} = {9EC081DA-DEB0-4EA4-BC21-92F12C31C045}
		{BF911211-2126-438B-80C0-02D53222D5A2} = {E7DA0382-6FDA-4ECC-A6AC-084A75866522}
		{EC5A3FB7-D547-44E2-A7B6-562A622D1024} = {69E38108-CDF2-4CDB-9F3E-F60426D8CBBC}
		{7045E9B8-A405-4C83-A3ED-315481BD3DF4} = {E7DA0382-6FDA-4ECC-A6AC-084A75866522}
	EndGlobalSection
	GlobalSection(ExtensibilityGlobals) = postSolution
		SolutionGuid = {4F814DF1-00D2-4668-A31F-0426358D7344}
	EndGlobalSection
EndGlobal
